
Microsoft Visual Studio Solution File, Format Version 12.00
# Visual Studio Version 17
VisualStudioVersion = 17.0.31903.59
MinimumVisualStudioVersion = 10.0.40219.1
Project("{2150E333-8FDC-42A3-9474-1A3956D46DE8}") = "src", "src", "{CD16F7A8-021E-4E04-9631-6C6C084D6A28}"
EndProject
Project("{FAE04EC0-301F-11D3-BF4B-00C04F79EFBC}") = "STLLayouts.Core", "src\STLLayouts.Core\STLLayouts.Core.csproj", "{3148D549-9D17-4A3F-B428-E318ECF0ABBB}"
EndProject
Project("{FAE04EC0-301F-11D3-BF4B-00C04F79EFBC}") = "STLLayouts.Data", "src\STLLayouts.Data\STLLayouts.Data.csproj", "{6029F9C0-3EA7-467B-8E04-10BF9B6DA1B3}"
EndProject
Project("{FAE04EC0-301F-11D3-BF4B-00C04F79EFBC}") = "STLLayouts.Services", "src\STLLayouts.Services\STLLayouts.Services.csproj", "{114E0698-DBAA-44AD-B643-6FFCD778C52C}"
EndProject
Project("{FAE04EC0-301F-11D3-BF4B-00C04F79EFBC}") = "STLLayouts.RuleEngine", "src\STLLayouts.RuleEngine\STLLayouts.RuleEngine.csproj", "{AC9D9FF3-AF9D-4288-B846-39F9E42A9DE7}"
EndProject
Project("{FAE04EC0-301F-11D3-BF4B-00C04F79EFBC}") = "STLLayouts.OfficeGen", "src\STLLayouts.OfficeGen\STLLayouts.OfficeGen.csproj", "{FB8FA3A3-955D-42B1-87A2-5DA619DD1AF7}"
EndProject
Project("{FAE04EC0-301F-11D3-BF4B-00C04F79EFBC}") = "STLLayouts.WpfApp", "src\STLLayouts.WpfApp\STLLayouts.WpfApp.csproj", "{819CE494-6574-4CFA-8D67-E004DDABFA9D}"
EndProject
Project("{2150E333-8FDC-42A3-9474-1A3956D46DE8}") = "tests", "tests", "{06EA7B54-3AF3-4F67-BF9A-B24FF164D8C2}"
EndProject
Project("{FAE04EC0-301F-11D3-BF4B-00C04F79EFBC}") = "STLLayouts.UnitTests", "tests\STLLayouts.UnitTests\STLLayouts.UnitTests.csproj", "{4C666D81-0EBA-4D30-945D-8A6CD833DC37}"
EndProject
Project("{FAE04EC0-301F-11D3-BF4B-00C04F79EFBC}") = "STLLayouts.IntegrationTests", "tests\STLLayouts.IntegrationTests\STLLayouts.IntegrationTests.csproj", "{54B914A2-F5E0-4306-901B-95EBEAEA6144}"
EndProject
Global
	GlobalSection(SolutionConfigurationPlatforms) = preSolution
		Debug|Any CPU = Debug|Any CPU
		Release|Any CPU = Release|Any CPU
	EndGlobalSection
	GlobalSection(SolutionProperties) = preSolution
		HideSolutionNode = FALSE
	EndGlobalSection
	GlobalSection(ProjectConfigurationPlatforms) = postSolution
		{3148D549-9D17-4A3F-B428-E318ECF0ABBB}.Debug|Any CPU.ActiveCfg = Debug|Any CPU
		{3148D549-9D17-4A3F-B428-E318ECF0ABBB}.Debug|Any CPU.Build.0 = Debug|Any CPU
		{3148D549-9D17-4A3F-B428-E318ECF0ABBB}.Release|Any CPU.ActiveCfg = Release|Any CPU
		{3148D549-9D17-4A3F-B428-E318ECF0ABBB}.Release|Any CPU.Build.0 = Release|Any CPU
		{6029F9C0-3EA7-467B-8E04-10BF9B6DA1B3}.Debug|Any CPU.ActiveCfg = Debug|Any CPU
		{6029F9C0-3EA7-467B-8E04-10BF9B6DA1B3}.Debug|Any CPU.Build.0 = Debug|Any CPU
		{6029F9C0-3EA7-467B-8E04-10BF9B6DA1B3}.Release|Any CPU.ActiveCfg = Release|Any CPU
		{6029F9C0-3EA7-467B-8E04-10BF9B6DA1B3}.Release|Any CPU.Build.0 = Release|Any CPU
		{114E0698-DBAA-44AD-B643-6FFCD778C52C}.Debug|Any CPU.ActiveCfg = Debug|Any CPU
		{114E0698-DBAA-44AD-B643-6FFCD778C52C}.Debug|Any CPU.Build.0 = Debug|Any CPU
		{114E0698-DBAA-44AD-B643-6FFCD778C52C}.Release|Any CPU.ActiveCfg = Release|Any CPU
		{114E0698-DBAA-44AD-B643-6FFCD778C52C}.Release|Any CPU.Build.0 = Release|Any CPU
		{AC9D9FF3-AF9D-4288-B846-39F9E42A9DE7}.Debug|Any CPU.ActiveCfg = Debug|Any CPU
		{AC9D9FF3-AF9D-4288-B846-39F9E42A9DE7}.Debug|Any CPU.Build.0 = Debug|Any CPU
		{AC9D9FF3-AF9D-4288-B846-39F9E42A9DE7}.Release|Any CPU.ActiveCfg = Release|Any CPU
		{AC9D9FF3-AF9D-4288-B846-39F9E42A9DE7}.Release|Any CPU.Build.0 = Release|Any CPU
		{FB8FA3A3-955D-42B1-87A2-5DA619DD1AF7}.Debug|Any CPU.ActiveCfg = Debug|Any CPU
		{FB8FA3A3-955D-42B1-87A2-5DA619DD1AF7}.Debug|Any CPU.Build.0 = Debug|Any CPU
		{FB8FA3A3-955D-42B1-87A2-5DA619DD1AF7}.Release|Any CPU.ActiveCfg = Release|Any CPU
		{FB8FA3A3-955D-42B1-87A2-5DA619DD1AF7}.Release|Any CPU.Build.0 = Release|Any CPU
		{819CE494-6574-4CFA-8D67-E004DDABFA9D}.Debug|Any CPU.ActiveCfg = Debug|Any CPU
		{819CE494-6574-4CFA-8D67-E004DDABFA9D}.Debug|Any CPU.Build.0 = Debug|Any CPU
		{819CE494-6574-4CFA-8D67-E004DDABFA9D}.Release|Any CPU.ActiveCfg = Release|Any CPU
		{819CE494-6574-4CFA-8D67-E004DDABFA9D}.Release|Any CPU.Build.0 = Release|Any CPU
		{4C666D81-0EBA-4D30-945D-8A6CD833DC37}.Debug|Any CPU.ActiveCfg = Debug|Any CPU
		{4C666D81-0EBA-4D30-945D-8A6CD833DC37}.Debug|Any CPU.Build.0 = Debug|Any CPU
		{4C666D81-0EBA-4D30-945D-8A6CD833DC37}.Release|Any CPU.ActiveCfg = Release|Any CPU
		{4C666D81-0EBA-4D30-945D-8A6CD833DC37}.Release|Any CPU.Build.0 = Release|Any CPU
		{54B914A2-F5E0-4306-901B-95EBEAEA6144}.Debug|Any CPU.ActiveCfg = Debug|Any CPU
		{54B914A2-F5E0-4306-901B-95EBEAEA6144}.Debug|Any CPU.Build.0 = Debug|Any CPU
		{54B914A2-F5E0-4306-901B-95EBEAEA6144}.Release|Any CPU.ActiveCfg = Release|Any CPU
		{54B914A2-F5E0-4306-901B-95EBEAEA6144}.Release|Any CPU.Build.0 = Release|Any CPU
	EndGlobalSection
	GlobalSection(NestedProjects) = preSolution
		{3148D549-9D17-4A3F-B428-E318ECF0ABBB} = {CD16F7A8-021E-4E04-9631-6C6C084D6A28}
		{6029F9C0-3EA7-467B-8E04-10BF9B6DA1B3} = {CD16F7A8-021E-4E04-9631-6C6C084D6A28}
		{114E0698-DBAA-44AD-B643-6FFCD778C52C} = {CD16F7A8-021E-4E04-9631-6C6C084D6A28}
		{AC9D9FF3-AF9D-4288-B846-39F9E42A9DE7} = {CD16F7A8-021E-4E04-9631-6C6C084D6A28}
		{FB8FA3A3-955D-42B1-87A2-5DA619DD1AF7} = {CD16F7A8-021E-4E04-9631-6C6C084D6A28}
		{819CE494-6574-4CFA-8D67-E004DDABFA9D} = {CD16F7A8-021E-4E04-9631-6C6C084D6A28}
		{4C666D81-0EBA-4D30-945D-8A6CD833DC37} = {06EA7B54-3AF3-4F67-BF9A-B24FF164D8C2}
		{54B914A2-F5E0-4306-901B-95EBEAEA6144} = {06EA7B54-3AF3-4F67-BF9A-B24FF164D8C2}
	EndGlobalSection
EndGlobal
